// !$*UTF8*$!
{
	archiveVersion = 1;
	classes = {
	};
	objectVersion = 50;
	objects = {

/* Begin PBXBuildFile section */
		0882D8EA5D1CEFB0F3A8E8A4 /* Pods_NewAppTests.framework in Frameworks */ = {isa = PBXBuildFile; fileRef = ED985B6B63F37990BAEBA799 /* Pods_NewAppTests.framework */; };
		1FFD7BB3FD2E37E24A88F8AE /* Pods_NewApp.framework in Frameworks */ = {isa = PBXBuildFile; fileRef = 1CFD15F896C1C9E52E7A813C /* Pods_NewApp.framework */; };
		2581747E9BDE2F7EB1C3468F /* Pods_NewAppUITests.framework in Frameworks */ = {isa = PBXBuildFile; fileRef = 891BB35449F24DCB7E0E04A5 /* Pods_NewAppUITests.framework */; };
		9B443D9B2099BC4A00D6F985 /* ArticleTableViewCell.swift in Sources */ = {isa = PBXBuildFile; fileRef = 9B443D992099BC4A00D6F985 /* ArticleTableViewCell.swift */; };
		9B443D9C2099BC4A00D6F985 /* ArticleTableViewCell.xib in Resources */ = {isa = PBXBuildFile; fileRef = 9B443D9A2099BC4A00D6F985 /* ArticleTableViewCell.xib */; };
		9B443D9E2099D1AD00D6F985 /* ArticeWebKitViewController.swift in Sources */ = {isa = PBXBuildFile; fileRef = 9B443D9D2099D1AD00D6F985 /* ArticeWebKitViewController.swift */; };
		9B4FEF222098B9DF00CE7389 /* NetworkManager.swift in Sources */ = {isa = PBXBuildFile; fileRef = 9B4FEF212098B9DF00CE7389 /* NetworkManager.swift */; };
		9B56EEE7209ADBC90083F124 /* EveryThirdTableViewCell.swift in Sources */ = {isa = PBXBuildFile; fileRef = 9B56EEE5209ADBC90083F124 /* EveryThirdTableViewCell.swift */; };
		9B56EEE8209ADBC90083F124 /* EveryThirdTableViewCell.xib in Resources */ = {isa = PBXBuildFile; fileRef = 9B56EEE6209ADBC90083F124 /* EveryThirdTableViewCell.xib */; };
		9B56EEEA209AF85A0083F124 /* SideMenuViewController.swift in Sources */ = {isa = PBXBuildFile; fileRef = 9B56EEE9209AF85A0083F124 /* SideMenuViewController.swift */; };
		9B56EEEE209B02070083F124 /* ArticlesViewController.swift in Sources */ = {isa = PBXBuildFile; fileRef = 9B56EEED209B02070083F124 /* ArticlesViewController.swift */; };
		9B8687532098904A005F54FE /* AppDelegate.swift in Sources */ = {isa = PBXBuildFile; fileRef = 9B8687522098904A005F54FE /* AppDelegate.swift */; };
		9B8687582098904A005F54FE /* Main.storyboard in Resources */ = {isa = PBXBuildFile; fileRef = 9B8687562098904A005F54FE /* Main.storyboard */; };
		9B86875A2098904C005F54FE /* Assets.xcassets in Resources */ = {isa = PBXBuildFile; fileRef = 9B8687592098904C005F54FE /* Assets.xcassets */; };
		9B86875D2098904C005F54FE /* LaunchScreen.storyboard in Resources */ = {isa = PBXBuildFile; fileRef = 9B86875B2098904C005F54FE /* LaunchScreen.storyboard */; };
		9B8687682098904C005F54FE /* NewAppTests.swift in Sources */ = {isa = PBXBuildFile; fileRef = 9B8687672098904C005F54FE /* NewAppTests.swift */; };
		9B8687732098904C005F54FE /* NewAppUITests.swift in Sources */ = {isa = PBXBuildFile; fileRef = 9B8687722098904C005F54FE /* NewAppUITests.swift */; };
		9B868781209890A9005F54FE /* ParseJson.swift in Sources */ = {isa = PBXBuildFile; fileRef = 9B868780209890A9005F54FE /* ParseJson.swift */; };
		9B868785209892AE005F54FE /* Article.swift in Sources */ = {isa = PBXBuildFile; fileRef = 9B868784209892AE005F54FE /* Article.swift */; };
		9BFB7083209F054500760EE4 /* SetCells.swift in Sources */ = {isa = PBXBuildFile; fileRef = 9BFB7082209F054500760EE4 /* SetCells.swift */; };
/* End PBXBuildFile section */

/* Begin PBXContainerItemProxy section */
		9B8687642098904C005F54FE /* PBXContainerItemProxy */ = {
			isa = PBXContainerItemProxy;
			containerPortal = 9B8687472098904A005F54FE /* Project object */;
			proxyType = 1;
			remoteGlobalIDString = 9B86874E2098904A005F54FE;
			remoteInfo = NewApp;
		};
		9B86876F2098904C005F54FE /* PBXContainerItemProxy */ = {
			isa = PBXContainerItemProxy;
			containerPortal = 9B8687472098904A005F54FE /* Project object */;
			proxyType = 1;
			remoteGlobalIDString = 9B86874E2098904A005F54FE;
			remoteInfo = NewApp;
		};
/* End PBXContainerItemProxy section */

/* Begin PBXFileReference section */
		1992B712E6E9826E3312114B /* Pods-NewApp.debug.xcconfig */ = {isa = PBXFileReference; includeInIndex = 1; lastKnownFileType = text.xcconfig; name = "Pods-NewApp.debug.xcconfig"; path = "Pods/Target Support Files/Pods-NewApp/Pods-NewApp.debug.xcconfig"; sourceTree = "<group>"; };
		1CFD15F896C1C9E52E7A813C /* Pods_NewApp.framework */ = {isa = PBXFileReference; explicitFileType = wrapper.framework; includeInIndex = 0; path = Pods_NewApp.framework; sourceTree = BUILT_PRODUCTS_DIR; };
		2190F189C720FFE8D34D4867 /* Pods-NewAppUITests.debug.xcconfig */ = {isa = PBXFileReference; includeInIndex = 1; lastKnownFileType = text.xcconfig; name = "Pods-NewAppUITests.debug.xcconfig"; path = "Pods/Target Support Files/Pods-NewAppUITests/Pods-NewAppUITests.debug.xcconfig"; sourceTree = "<group>"; };
		3F3D2A14242B76A040CFF4AC /* Pods-NewAppTests.debug.xcconfig */ = {isa = PBXFileReference; includeInIndex = 1; lastKnownFileType = text.xcconfig; name = "Pods-NewAppTests.debug.xcconfig"; path = "Pods/Target Support Files/Pods-NewAppTests/Pods-NewAppTests.debug.xcconfig"; sourceTree = "<group>"; };
		3FA2677CAB960345756AD39D /* Pods-NewApp.release.xcconfig */ = {isa = PBXFileReference; includeInIndex = 1; lastKnownFileType = text.xcconfig; name = "Pods-NewApp.release.xcconfig"; path = "Pods/Target Support Files/Pods-NewApp/Pods-NewApp.release.xcconfig"; sourceTree = "<group>"; };
		891BB35449F24DCB7E0E04A5 /* Pods_NewAppUITests.framework */ = {isa = PBXFileReference; explicitFileType = wrapper.framework; includeInIndex = 0; path = Pods_NewAppUITests.framework; sourceTree = BUILT_PRODUCTS_DIR; };
		9B443D992099BC4A00D6F985 /* ArticleTableViewCell.swift */ = {isa = PBXFileReference; lastKnownFileType = sourcecode.swift; path = ArticleTableViewCell.swift; sourceTree = "<group>"; };
		9B443D9A2099BC4A00D6F985 /* ArticleTableViewCell.xib */ = {isa = PBXFileReference; lastKnownFileType = file.xib; path = ArticleTableViewCell.xib; sourceTree = "<group>"; };
		9B443D9D2099D1AD00D6F985 /* ArticeWebKitViewController.swift */ = {isa = PBXFileReference; lastKnownFileType = sourcecode.swift; path = ArticeWebKitViewController.swift; sourceTree = "<group>"; };
		9B4FEF212098B9DF00CE7389 /* NetworkManager.swift */ = {isa = PBXFileReference; lastKnownFileType = sourcecode.swift; path = NetworkManager.swift; sourceTree = "<group>"; };
		9B56EEE5209ADBC90083F124 /* EveryThirdTableViewCell.swift */ = {isa = PBXFileReference; lastKnownFileType = sourcecode.swift; path = EveryThirdTableViewCell.swift; sourceTree = "<group>"; };
		9B56EEE6209ADBC90083F124 /* EveryThirdTableViewCell.xib */ = {isa = PBXFileReference; lastKnownFileType = file.xib; path = EveryThirdTableViewCell.xib; sourceTree = "<group>"; };
		9B56EEE9209AF85A0083F124 /* SideMenuViewController.swift */ = {isa = PBXFileReference; lastKnownFileType = sourcecode.swift; path = SideMenuViewController.swift; sourceTree = "<group>"; };
		9B56EEED209B02070083F124 /* ArticlesViewController.swift */ = {isa = PBXFileReference; lastKnownFileType = sourcecode.swift; path = ArticlesViewController.swift; sourceTree = "<group>"; };
		9B86874F2098904A005F54FE /* NewApp.app */ = {isa = PBXFileReference; explicitFileType = wrapper.application; includeInIndex = 0; path = NewApp.app; sourceTree = BUILT_PRODUCTS_DIR; };
		9B8687522098904A005F54FE /* AppDelegate.swift */ = {isa = PBXFileReference; lastKnownFileType = sourcecode.swift; path = AppDelegate.swift; sourceTree = "<group>"; };
		9B8687572098904A005F54FE /* Base */ = {isa = PBXFileReference; lastKnownFileType = file.storyboard; name = Base; path = Base.lproj/Main.storyboard; sourceTree = "<group>"; };
		9B8687592098904C005F54FE /* Assets.xcassets */ = {isa = PBXFileReference; lastKnownFileType = folder.assetcatalog; path = Assets.xcassets; sourceTree = "<group>"; };
		9B86875C2098904C005F54FE /* Base */ = {isa = PBXFileReference; lastKnownFileType = file.storyboard; name = Base; path = Base.lproj/LaunchScreen.storyboard; sourceTree = "<group>"; };
		9B86875E2098904C005F54FE /* Info.plist */ = {isa = PBXFileReference; lastKnownFileType = text.plist.xml; path = Info.plist; sourceTree = "<group>"; };
		9B8687632098904C005F54FE /* NewAppTests.xctest */ = {isa = PBXFileReference; explicitFileType = wrapper.cfbundle; includeInIndex = 0; path = NewAppTests.xctest; sourceTree = BUILT_PRODUCTS_DIR; };
		9B8687672098904C005F54FE /* NewAppTests.swift */ = {isa = PBXFileReference; lastKnownFileType = sourcecode.swift; path = NewAppTests.swift; sourceTree = "<group>"; };
		9B8687692098904C005F54FE /* Info.plist */ = {isa = PBXFileReference; lastKnownFileType = text.plist.xml; path = Info.plist; sourceTree = "<group>"; };
		9B86876E2098904C005F54FE /* NewAppUITests.xctest */ = {isa = PBXFileReference; explicitFileType = wrapper.cfbundle; includeInIndex = 0; path = NewAppUITests.xctest; sourceTree = BUILT_PRODUCTS_DIR; };
		9B8687722098904C005F54FE /* NewAppUITests.swift */ = {isa = PBXFileReference; lastKnownFileType = sourcecode.swift; path = NewAppUITests.swift; sourceTree = "<group>"; };
		9B8687742098904C005F54FE /* Info.plist */ = {isa = PBXFileReference; lastKnownFileType = text.plist.xml; path = Info.plist; sourceTree = "<group>"; };
		9B868780209890A9005F54FE /* ParseJson.swift */ = {isa = PBXFileReference; lastKnownFileType = sourcecode.swift; path = ParseJson.swift; sourceTree = "<group>"; };
		9B868784209892AE005F54FE /* Article.swift */ = {isa = PBXFileReference; lastKnownFileType = sourcecode.swift; path = Article.swift; sourceTree = "<group>"; };
		9BFB7082209F054500760EE4 /* SetCells.swift */ = {isa = PBXFileReference; lastKnownFileType = sourcecode.swift; path = SetCells.swift; sourceTree = "<group>"; };
		B48AD2508EBE046C1768E63D /* Pods-NewAppUITests.release.xcconfig */ = {isa = PBXFileReference; includeInIndex = 1; lastKnownFileType = text.xcconfig; name = "Pods-NewAppUITests.release.xcconfig"; path = "Pods/Target Support Files/Pods-NewAppUITests/Pods-NewAppUITests.release.xcconfig"; sourceTree = "<group>"; };
		C0BEBA569E4598E92C3CF4BF /* Pods-NewAppTests.release.xcconfig */ = {isa = PBXFileReference; includeInIndex = 1; lastKnownFileType = text.xcconfig; name = "Pods-NewAppTests.release.xcconfig"; path = "Pods/Target Support Files/Pods-NewAppTests/Pods-NewAppTests.release.xcconfig"; sourceTree = "<group>"; };
		ED985B6B63F37990BAEBA799 /* Pods_NewAppTests.framework */ = {isa = PBXFileReference; explicitFileType = wrapper.framework; includeInIndex = 0; path = Pods_NewAppTests.framework; sourceTree = BUILT_PRODUCTS_DIR; };
/* End PBXFileReference section */

/* Begin PBXFrameworksBuildPhase section */
		9B86874C2098904A005F54FE /* Frameworks */ = {
			isa = PBXFrameworksBuildPhase;
			buildActionMask = 2147483647;
			files = (
				1FFD7BB3FD2E37E24A88F8AE /* Pods_NewApp.framework in Frameworks */,
			);
			runOnlyForDeploymentPostprocessing = 0;
		};
		9B8687602098904C005F54FE /* Frameworks */ = {
			isa = PBXFrameworksBuildPhase;
			buildActionMask = 2147483647;
			files = (
				0882D8EA5D1CEFB0F3A8E8A4 /* Pods_NewAppTests.framework in Frameworks */,
			);
			runOnlyForDeploymentPostprocessing = 0;
		};
		9B86876B2098904C005F54FE /* Frameworks */ = {
			isa = PBXFrameworksBuildPhase;
			buildActionMask = 2147483647;
			files = (
				2581747E9BDE2F7EB1C3468F /* Pods_NewAppUITests.framework in Frameworks */,
			);
			runOnlyForDeploymentPostprocessing = 0;
		};
/* End PBXFrameworksBuildPhase section */

/* Begin PBXGroup section */
		23227EF2D7B77DD840EA0E64 /* Pods */ = {
			isa = PBXGroup;
			children = (
				1992B712E6E9826E3312114B /* Pods-NewApp.debug.xcconfig */,
				3FA2677CAB960345756AD39D /* Pods-NewApp.release.xcconfig */,
				3F3D2A14242B76A040CFF4AC /* Pods-NewAppTests.debug.xcconfig */,
				C0BEBA569E4598E92C3CF4BF /* Pods-NewAppTests.release.xcconfig */,
				2190F189C720FFE8D34D4867 /* Pods-NewAppUITests.debug.xcconfig */,
				B48AD2508EBE046C1768E63D /* Pods-NewAppUITests.release.xcconfig */,
			);
			name = Pods;
			sourceTree = "<group>";
		};
		9B4FEF202098B9B100CE7389 /* ParseJson */ = {
			isa = PBXGroup;
			children = (
				9B868780209890A9005F54FE /* ParseJson.swift */,
			);
			path = ParseJson;
			sourceTree = "<group>";
		};
		9B4FEF24209996E100CE7389 /* Controllers */ = {
			isa = PBXGroup;
			children = (
				9B443D9D2099D1AD00D6F985 /* ArticeWebKitViewController.swift */,
				9B56EEE9209AF85A0083F124 /* SideMenuViewController.swift */,
				9B56EEED209B02070083F124 /* ArticlesViewController.swift */,
				9BFB7082209F054500760EE4 /* SetCells.swift */,
				9B86878320989294005F54FE /* Objects */,
			);
			path = Controllers;
			sourceTree = "<group>";
		};
		9B4FEF27209998FC00CE7389 /* Cells */ = {
			isa = PBXGroup;
			children = (
				9B443D992099BC4A00D6F985 /* ArticleTableViewCell.swift */,
				9B443D9A2099BC4A00D6F985 /* ArticleTableViewCell.xib */,
				9B56EEE5209ADBC90083F124 /* EveryThirdTableViewCell.swift */,
				9B56EEE6209ADBC90083F124 /* EveryThirdTableViewCell.xib */,
			);
			path = Cells;
			sourceTree = "<group>";
		};
		9B8687462098904A005F54FE = {
			isa = PBXGroup;
			children = (
				9B8687512098904A005F54FE /* NewApp */,
				9B8687662098904C005F54FE /* NewAppTests */,
				9B8687712098904C005F54FE /* NewAppUITests */,
				9B8687502098904A005F54FE /* Products */,
				23227EF2D7B77DD840EA0E64 /* Pods */,
				ED8D28CD71DD44A24759D362 /* Frameworks */,
			);
			sourceTree = "<group>";
		};
		9B8687502098904A005F54FE /* Products */ = {
			isa = PBXGroup;
			children = (
				9B86874F2098904A005F54FE /* NewApp.app */,
				9B8687632098904C005F54FE /* NewAppTests.xctest */,
				9B86876E2098904C005F54FE /* NewAppUITests.xctest */,
			);
			name = Products;
			sourceTree = "<group>";
		};
		9B8687512098904A005F54FE /* NewApp */ = {
			isa = PBXGroup;
			children = (
				9B4FEF202098B9B100CE7389 /* ParseJson */,
				9B4FEF27209998FC00CE7389 /* Cells */,
				9B4FEF24209996E100CE7389 /* Controllers */,
				9B868782209890BE005F54FE /* NetworkManager */,
				9B8687522098904A005F54FE /* AppDelegate.swift */,
				9B8687562098904A005F54FE /* Main.storyboard */,
				9B8687592098904C005F54FE /* Assets.xcassets */,
				9B86875B2098904C005F54FE /* LaunchScreen.storyboard */,
				9B86875E2098904C005F54FE /* Info.plist */,
			);
			path = NewApp;
			sourceTree = "<group>";
		};
		9B8687662098904C005F54FE /* NewAppTests */ = {
			isa = PBXGroup;
			children = (
				9B8687672098904C005F54FE /* NewAppTests.swift */,
				9B8687692098904C005F54FE /* Info.plist */,
			);
			path = NewAppTests;
			sourceTree = "<group>";
		};
		9B8687712098904C005F54FE /* NewAppUITests */ = {
			isa = PBXGroup;
			children = (
				9B8687722098904C005F54FE /* NewAppUITests.swift */,
				9B8687742098904C005F54FE /* Info.plist */,
			);
			path = NewAppUITests;
			sourceTree = "<group>";
		};
		9B868782209890BE005F54FE /* NetworkManager */ = {
			isa = PBXGroup;
			children = (
				9B4FEF212098B9DF00CE7389 /* NetworkManager.swift */,
			);
			path = NetworkManager;
			sourceTree = "<group>";
		};
		9B86878320989294005F54FE /* Objects */ = {
			isa = PBXGroup;
			children = (
				9B868784209892AE005F54FE /* Article.swift */,
			);
			path = Objects;
			sourceTree = "<group>";
		};
		ED8D28CD71DD44A24759D362 /* Frameworks */ = {
			isa = PBXGroup;
			children = (
				1CFD15F896C1C9E52E7A813C /* Pods_NewApp.framework */,
				ED985B6B63F37990BAEBA799 /* Pods_NewAppTests.framework */,
				891BB35449F24DCB7E0E04A5 /* Pods_NewAppUITests.framework */,
			);
			name = Frameworks;
			sourceTree = "<group>";
		};
/* End PBXGroup section */

/* Begin PBXNativeTarget section */
		9B86874E2098904A005F54FE /* NewApp */ = {
			isa = PBXNativeTarget;
			buildConfigurationList = 9B8687772098904C005F54FE /* Build configuration list for PBXNativeTarget "NewApp" */;
			buildPhases = (
				A7CD8EE9E6A751EB08D095D8 /* [CP] Check Pods Manifest.lock */,
				9B86874B2098904A005F54FE /* Sources */,
				9B86874C2098904A005F54FE /* Frameworks */,
				9B86874D2098904A005F54FE /* Resources */,
				F49CF38E316CFEBF5441B935 /* [CP] Embed Pods Frameworks */,
			);
			buildRules = (
			);
			dependencies = (
			);
			name = NewApp;
			productName = NewApp;
			productReference = 9B86874F2098904A005F54FE /* NewApp.app */;
			productType = "com.apple.product-type.application";
		};
		9B8687622098904C005F54FE /* NewAppTests */ = {
			isa = PBXNativeTarget;
			buildConfigurationList = 9B86877A2098904C005F54FE /* Build configuration list for PBXNativeTarget "NewAppTests" */;
			buildPhases = (
				E9F77E4BA44AAFA7E7370852 /* [CP] Check Pods Manifest.lock */,
				9B86875F2098904C005F54FE /* Sources */,
				9B8687602098904C005F54FE /* Frameworks */,
				9B8687612098904C005F54FE /* Resources */,
			);
			buildRules = (
			);
			dependencies = (
				9B8687652098904C005F54FE /* PBXTargetDependency */,
			);
			name = NewAppTests;
			productName = NewAppTests;
			productReference = 9B8687632098904C005F54FE /* NewAppTests.xctest */;
			productType = "com.apple.product-type.bundle.unit-test";
		};
		9B86876D2098904C005F54FE /* NewAppUITests */ = {
			isa = PBXNativeTarget;
			buildConfigurationList = 9B86877D2098904C005F54FE /* Build configuration list for PBXNativeTarget "NewAppUITests" */;
			buildPhases = (
				965366B3779EFE7FE2F90E61 /* [CP] Check Pods Manifest.lock */,
				9B86876A2098904C005F54FE /* Sources */,
				9B86876B2098904C005F54FE /* Frameworks */,
				9B86876C2098904C005F54FE /* Resources */,
			);
			buildRules = (
			);
			dependencies = (
				9B8687702098904C005F54FE /* PBXTargetDependency */,
			);
			name = NewAppUITests;
			productName = NewAppUITests;
			productReference = 9B86876E2098904C005F54FE /* NewAppUITests.xctest */;
			productType = "com.apple.product-type.bundle.ui-testing";
		};
/* End PBXNativeTarget section */

/* Begin PBXProject section */
		9B8687472098904A005F54FE /* Project object */ = {
			isa = PBXProject;
			attributes = {
				LastSwiftUpdateCheck = 0930;
				LastUpgradeCheck = 0930;
				ORGANIZATIONNAME = "Ron Haimovich";
				TargetAttributes = {
					9B86874E2098904A005F54FE = {
						CreatedOnToolsVersion = 9.3;
					};
					9B8687622098904C005F54FE = {
						CreatedOnToolsVersion = 9.3;
						TestTargetID = 9B86874E2098904A005F54FE;
					};
					9B86876D2098904C005F54FE = {
						CreatedOnToolsVersion = 9.3;
						TestTargetID = 9B86874E2098904A005F54FE;
					};
				};
			};
			buildConfigurationList = 9B86874A2098904A005F54FE /* Build configuration list for PBXProject "NewApp" */;
			compatibilityVersion = "Xcode 9.3";
			developmentRegion = en;
			hasScannedForEncodings = 0;
			knownRegions = (
				en,
				Base,
			);
			mainGroup = 9B8687462098904A005F54FE;
			productRefGroup = 9B8687502098904A005F54FE /* Products */;
			projectDirPath = "";
			projectRoot = "";
			targets = (
				9B86874E2098904A005F54FE /* NewApp */,
				9B8687622098904C005F54FE /* NewAppTests */,
				9B86876D2098904C005F54FE /* NewAppUITests */,
			);
		};
/* End PBXProject section */

/* Begin PBXResourcesBuildPhase section */
		9B86874D2098904A005F54FE /* Resources */ = {
			isa = PBXResourcesBuildPhase;
			buildActionMask = 2147483647;
			files = (
				9B443D9C2099BC4A00D6F985 /* ArticleTableViewCell.xib in Resources */,
				9B86875D2098904C005F54FE /* LaunchScreen.storyboard in Resources */,
				9B86875A2098904C005F54FE /* Assets.xcassets in Resources */,
				9B8687582098904A005F54FE /* Main.storyboard in Resources */,
				9B56EEE8209ADBC90083F124 /* EveryThirdTableViewCell.xib in Resources */,
			);
			runOnlyForDeploymentPostprocessing = 0;
		};
		9B8687612098904C005F54FE /* Resources */ = {
			isa = PBXResourcesBuildPhase;
			buildActionMask = 2147483647;
			files = (
			);
			runOnlyForDeploymentPostprocessing = 0;
		};
		9B86876C2098904C005F54FE /* Resources */ = {
			isa = PBXResourcesBuildPhase;
			buildActionMask = 2147483647;
			files = (
			);
			runOnlyForDeploymentPostprocessing = 0;
		};
/* End PBXResourcesBuildPhase section */

/* Begin PBXShellScriptBuildPhase section */
		965366B3779EFE7FE2F90E61 /* [CP] Check Pods Manifest.lock */ = {
			isa = PBXShellScriptBuildPhase;
			buildActionMask = 2147483647;
			files = (
			);
			inputPaths = (
				"${PODS_PODFILE_DIR_PATH}/Podfile.lock",
				"${PODS_ROOT}/Manifest.lock",
			);
			name = "[CP] Check Pods Manifest.lock";
			outputPaths = (
				"$(DERIVED_FILE_DIR)/Pods-NewAppUITests-checkManifestLockResult.txt",
			);
			runOnlyForDeploymentPostprocessing = 0;
			shellPath = /bin/sh;
			shellScript = "diff \"${PODS_PODFILE_DIR_PATH}/Podfile.lock\" \"${PODS_ROOT}/Manifest.lock\" > /dev/null\nif [ $? != 0 ] ; then\n    # print error to STDERR\n    echo \"error: The sandbox is not in sync with the Podfile.lock. Run 'pod install' or update your CocoaPods installation.\" >&2\n    exit 1\nfi\n# This output is used by Xcode 'outputs' to avoid re-running this script phase.\necho \"SUCCESS\" > \"${SCRIPT_OUTPUT_FILE_0}\"\n";
			showEnvVarsInLog = 0;
		};
		A7CD8EE9E6A751EB08D095D8 /* [CP] Check Pods Manifest.lock */ = {
			isa = PBXShellScriptBuildPhase;
			buildActionMask = 2147483647;
			files = (
			);
			inputPaths = (
				"${PODS_PODFILE_DIR_PATH}/Podfile.lock",
				"${PODS_ROOT}/Manifest.lock",
			);
			name = "[CP] Check Pods Manifest.lock";
			outputPaths = (
				"$(DERIVED_FILE_DIR)/Pods-NewApp-checkManifestLockResult.txt",
			);
			runOnlyForDeploymentPostprocessing = 0;
			shellPath = /bin/sh;
			shellScript = "diff \"${PODS_PODFILE_DIR_PATH}/Podfile.lock\" \"${PODS_ROOT}/Manifest.lock\" > /dev/null\nif [ $? != 0 ] ; then\n    # print error to STDERR\n    echo \"error: The sandbox is not in sync with the Podfile.lock. Run 'pod install' or update your CocoaPods installation.\" >&2\n    exit 1\nfi\n# This output is used by Xcode 'outputs' to avoid re-running this script phase.\necho \"SUCCESS\" > \"${SCRIPT_OUTPUT_FILE_0}\"\n";
			showEnvVarsInLog = 0;
		};
		E9F77E4BA44AAFA7E7370852 /* [CP] Check Pods Manifest.lock */ = {
			isa = PBXShellScriptBuildPhase;
			buildActionMask = 2147483647;
			files = (
			);
			inputPaths = (
				"${PODS_PODFILE_DIR_PATH}/Podfile.lock",
				"${PODS_ROOT}/Manifest.lock",
			);
			name = "[CP] Check Pods Manifest.lock";
			outputPaths = (
				"$(DERIVED_FILE_DIR)/Pods-NewAppTests-checkManifestLockResult.txt",
			);
			runOnlyForDeploymentPostprocessing = 0;
			shellPath = /bin/sh;
			shellScript = "diff \"${PODS_PODFILE_DIR_PATH}/Podfile.lock\" \"${PODS_ROOT}/Manifest.lock\" > /dev/null\nif [ $? != 0 ] ; then\n    # print error to STDERR\n    echo \"error: The sandbox is not in sync with the Podfile.lock. Run 'pod install' or update your CocoaPods installation.\" >&2\n    exit 1\nfi\n# This output is used by Xcode 'outputs' to avoid re-running this script phase.\necho \"SUCCESS\" > \"${SCRIPT_OUTPUT_FILE_0}\"\n";
			showEnvVarsInLog = 0;
		};
		F49CF38E316CFEBF5441B935 /* [CP] Embed Pods Frameworks */ = {
			isa = PBXShellScriptBuildPhase;
			buildActionMask = 2147483647;
			files = (
			);
			inputPaths = (
				"${SRCROOT}/Pods/Target Support Files/Pods-NewApp/Pods-NewApp-frameworks.sh",
				"${BUILT_PRODUCTS_DIR}/SDWebImage/SDWebImage.framework",
			);
			name = "[CP] Embed Pods Frameworks";
			outputPaths = (
				"${TARGET_BUILD_DIR}/${FRAMEWORKS_FOLDER_PATH}/SDWebImage.framework",
			);
			runOnlyForDeploymentPostprocessing = 0;
			shellPath = /bin/sh;
			shellScript = "\"${SRCROOT}/Pods/Target Support Files/Pods-NewApp/Pods-NewApp-frameworks.sh\"\n";
			showEnvVarsInLog = 0;
		};
/* End PBXShellScriptBuildPhase section */

/* Begin PBXSourcesBuildPhase section */
		9B86874B2098904A005F54FE /* Sources */ = {
			isa = PBXSourcesBuildPhase;
			buildActionMask = 2147483647;
			files = (
				9BFB7083209F054500760EE4 /* SetCells.swift in Sources */,
				9B443D9E2099D1AD00D6F985 /* ArticeWebKitViewController.swift in Sources */,
				9B56EEE7209ADBC90083F124 /* EveryThirdTableViewCell.swift in Sources */,
				9B868785209892AE005F54FE /* Article.swift in Sources */,
				9B4FEF222098B9DF00CE7389 /* NetworkManager.swift in Sources */,
				9B8687532098904A005F54FE /* AppDelegate.swift in Sources */,
				9B443D9B2099BC4A00D6F985 /* ArticleTableViewCell.swift in Sources */,
				9B56EEEA209AF85A0083F124 /* SideMenuViewController.swift in Sources */,
				9B868781209890A9005F54FE /* ParseJson.swift in Sources */,
				9B56EEEE209B02070083F124 /* ArticlesViewController.swift in Sources */,
			);
			runOnlyForDeploymentPostprocessing = 0;
		};
		9B86875F2098904C005F54FE /* Sources */ = {
			isa = PBXSourcesBuildPhase;
			buildActionMask = 2147483647;
			files = (
				9B8687682098904C005F54FE /* NewAppTests.swift in Sources */,
			);
			runOnlyForDeploymentPostprocessing = 0;
		};
		9B86876A2098904C005F54FE /* Sources */ = {
			isa = PBXSourcesBuildPhase;
			buildActionMask = 2147483647;
			files = (
				9B8687732098904C005F54FE /* NewAppUITests.swift in Sources */,
			);
			runOnlyForDeploymentPostprocessing = 0;
		};
/* End PBXSourcesBuildPhase section */

/* Begin PBXTargetDependency section */
		9B8687652098904C005F54FE /* PBXTargetDependency */ = {
			isa = PBXTargetDependency;
			target = 9B86874E2098904A005F54FE /* NewApp */;
			targetProxy = 9B8687642098904C005F54FE /* PBXContainerItemProxy */;
		};
		9B8687702098904C005F54FE /* PBXTargetDependency */ = {
			isa = PBXTargetDependency;
			target = 9B86874E2098904A005F54FE /* NewApp */;
			targetProxy = 9B86876F2098904C005F54FE /* PBXContainerItemProxy */;
		};
/* End PBXTargetDependency section */

/* Begin PBXVariantGroup section */
		9B8687562098904A005F54FE /* Main.storyboard */ = {
			isa = PBXVariantGroup;
			children = (
				9B8687572098904A005F54FE /* Base */,
			);
			name = Main.storyboard;
			sourceTree = "<group>";
		};
		9B86875B2098904C005F54FE /* LaunchScreen.storyboard */ = {
			isa = PBXVariantGroup;
			children = (
				9B86875C2098904C005F54FE /* Base */,
			);
			name = LaunchScreen.storyboard;
			sourceTree = "<group>";
		};
/* End PBXVariantGroup section */

/* Begin XCBuildConfiguration section */
		9B8687752098904C005F54FE /* Debug */ = {
			isa = XCBuildConfiguration;
			buildSettings = {
				ALWAYS_SEARCH_USER_PATHS = NO;
				CLANG_ANALYZER_NONNULL = YES;
				CLANG_ANALYZER_NUMBER_OBJECT_CONVERSION = YES_AGGRESSIVE;
				CLANG_CXX_LANGUAGE_STANDARD = "gnu++14";
				CLANG_CXX_LIBRARY = "libc++";
				CLANG_ENABLE_MODULES = YES;
				CLANG_ENABLE_OBJC_ARC = YES;
				CLANG_ENABLE_OBJC_WEAK = YES;
				CLANG_WARN_BLOCK_CAPTURE_AUTORELEASING = YES;
				CLANG_WARN_BOOL_CONVERSION = YES;
				CLANG_WARN_COMMA = YES;
				CLANG_WARN_CONSTANT_CONVERSION = YES;
				CLANG_WARN_DEPRECATED_OBJC_IMPLEMENTATIONS = YES;
				CLANG_WARN_DIRECT_OBJC_ISA_USAGE = YES_ERROR;
				CLANG_WARN_DOCUMENTATION_COMMENTS = YES;
				CLANG_WARN_EMPTY_BODY = YES;
				CLANG_WARN_ENUM_CONVERSION = YES;
				CLANG_WARN_INFINITE_RECURSION = YES;
				CLANG_WARN_INT_CONVERSION = YES;
				CLANG_WARN_NON_LITERAL_NULL_CONVERSION = YES;
				CLANG_WARN_OBJC_IMPLICIT_RETAIN_SELF = YES;
				CLANG_WARN_OBJC_LITERAL_CONVERSION = YES;
				CLANG_WARN_OBJC_ROOT_CLASS = YES_ERROR;
				CLANG_WARN_RANGE_LOOP_ANALYSIS = YES;
				CLANG_WARN_STRICT_PROTOTYPES = YES;
				CLANG_WARN_SUSPICIOUS_MOVE = YES;
				CLANG_WARN_UNGUARDED_AVAILABILITY = YES_AGGRESSIVE;
				CLANG_WARN_UNREACHABLE_CODE = YES;
				CLANG_WARN__DUPLICATE_METHOD_MATCH = YES;
				CODE_SIGN_IDENTITY = "iPhone Developer";
				COPY_PHASE_STRIP = NO;
				DEBUG_INFORMATION_FORMAT = dwarf;
				ENABLE_STRICT_OBJC_MSGSEND = YES;
				ENABLE_TESTABILITY = YES;
				GCC_C_LANGUAGE_STANDARD = gnu11;
				GCC_DYNAMIC_NO_PIC = NO;
				GCC_NO_COMMON_BLOCKS = YES;
				GCC_OPTIMIZATION_LEVEL = 0;
				GCC_PREPROCESSOR_DEFINITIONS = (
					"DEBUG=1",
					"$(inherited)",
				);
				GCC_WARN_64_TO_32_BIT_CONVERSION = YES;
				GCC_WARN_ABOUT_RETURN_TYPE = YES_ERROR;
				GCC_WARN_UNDECLARED_SELECTOR = YES;
				GCC_WARN_UNINITIALIZED_AUTOS = YES_AGGRESSIVE;
				GCC_WARN_UNUSED_FUNCTION = YES;
				GCC_WARN_UNUSED_VARIABLE = YES;
				IPHONEOS_DEPLOYMENT_TARGET = 11.3;
				MTL_ENABLE_DEBUG_INFO = YES;
				ONLY_ACTIVE_ARCH = YES;
				SDKROOT = iphoneos;
				SWIFT_ACTIVE_COMPILATION_CONDITIONS = DEBUG;
				SWIFT_OPTIMIZATION_LEVEL = "-Onone";
			};
			name = Debug;
		};
		9B8687762098904C005F54FE /* Release */ = {
			isa = XCBuildConfiguration;
			buildSettings = {
				ALWAYS_SEARCH_USER_PATHS = NO;
				CLANG_ANALYZER_NONNULL = YES;
				CLANG_ANALYZER_NUMBER_OBJECT_CONVERSION = YES_AGGRESSIVE;
				CLANG_CXX_LANGUAGE_STANDARD = "gnu++14";
				CLANG_CXX_LIBRARY = "libc++";
				CLANG_ENABLE_MODULES = YES;
				CLANG_ENABLE_OBJC_ARC = YES;
				CLANG_ENABLE_OBJC_WEAK = YES;
				CLANG_WARN_BLOCK_CAPTURE_AUTORELEASING = YES;
				CLANG_WARN_BOOL_CONVERSION = YES;
				CLANG_WARN_COMMA = YES;
				CLANG_WARN_CONSTANT_CONVERSION = YES;
				CLANG_WARN_DEPRECATED_OBJC_IMPLEMENTATIONS = YES;
				CLANG_WARN_DIRECT_OBJC_ISA_USAGE = YES_ERROR;
				CLANG_WARN_DOCUMENTATION_COMMENTS = YES;
				CLANG_WARN_EMPTY_BODY = YES;
				CLANG_WARN_ENUM_CONVERSION = YES;
				CLANG_WARN_INFINITE_RECURSION = YES;
				CLANG_WARN_INT_CONVERSION = YES;
				CLANG_WARN_NON_LITERAL_NULL_CONVERSION = YES;
				CLANG_WARN_OBJC_IMPLICIT_RETAIN_SELF = YES;
				CLANG_WARN_OBJC_LITERAL_CONVERSION = YES;
				CLANG_WARN_OBJC_ROOT_CLASS = YES_ERROR;
				CLANG_WARN_RANGE_LOOP_ANALYSIS = YES;
				CLANG_WARN_STRICT_PROTOTYPES = YES;
				CLANG_WARN_SUSPICIOUS_MOVE = YES;
				CLANG_WARN_UNGUARDED_AVAILABILITY = YES_AGGRESSIVE;
				CLANG_WARN_UNREACHABLE_CODE = YES;
				CLANG_WARN__DUPLICATE_METHOD_MATCH = YES;
				CODE_SIGN_IDENTITY = "iPhone Developer";
				COPY_PHASE_STRIP = NO;
				DEBUG_INFORMATION_FORMAT = "dwarf-with-dsym";
				ENABLE_NS_ASSERTIONS = NO;
				ENABLE_STRICT_OBJC_MSGSEND = YES;
				GCC_C_LANGUAGE_STANDARD = gnu11;
				GCC_NO_COMMON_BLOCKS = YES;
				GCC_WARN_64_TO_32_BIT_CONVERSION = YES;
				GCC_WARN_ABOUT_RETURN_TYPE = YES_ERROR;
				GCC_WARN_UNDECLARED_SELECTOR = YES;
				GCC_WARN_UNINITIALIZED_AUTOS = YES_AGGRESSIVE;
				GCC_WARN_UNUSED_FUNCTION = YES;
				GCC_WARN_UNUSED_VARIABLE = YES;
				IPHONEOS_DEPLOYMENT_TARGET = 11.3;
				MTL_ENABLE_DEBUG_INFO = NO;
				SDKROOT = iphoneos;
				SWIFT_COMPILATION_MODE = wholemodule;
				SWIFT_OPTIMIZATION_LEVEL = "-O";
				VALIDATE_PRODUCT = YES;
			};
			name = Release;
		};
		9B8687782098904C005F54FE /* Debug */ = {
			isa = XCBuildConfiguration;
			baseConfigurationReference = 1992B712E6E9826E3312114B /* Pods-NewApp.debug.xcconfig */;
			buildSettings = {
				ASSETCATALOG_COMPILER_APPICON_NAME = AppIcon;
				CODE_SIGN_STYLE = Automatic;
				INFOPLIST_FILE = NewApp/Info.plist;
				LD_RUNPATH_SEARCH_PATHS = (
					"$(inherited)",
					"@executable_path/Frameworks",
				);
				PRODUCT_BUNDLE_IDENTIFIER = "gini-apps.NewApp";
				PRODUCT_NAME = "$(TARGET_NAME)";
				SWIFT_VERSION = 4.0;
				TARGETED_DEVICE_FAMILY = "1,2";
			};
			name = Debug;
		};
		9B8687792098904C005F54FE /* Release */ = {
			isa = XCBuildConfiguration;
			baseConfigurationReference = 3FA2677CAB960345756AD39D /* Pods-NewApp.release.xcconfig */;
			buildSettings = {
				ASSETCATALOG_COMPILER_APPICON_NAME = AppIcon;
				CODE_SIGN_STYLE = Automatic;
				INFOPLIST_FILE = NewApp/Info.plist;
				LD_RUNPATH_SEARCH_PATHS = (
					"$(inherited)",
					"@executable_path/Frameworks",
				);
				PRODUCT_BUNDLE_IDENTIFIER = "gini-apps.NewApp";
				PRODUCT_NAME = "$(TARGET_NAME)";
				SWIFT_VERSION = 4.0;
				TARGETED_DEVICE_FAMILY = "1,2";
			};
			name = Release;
		};
		9B86877B2098904C005F54FE /* Debug */ = {
			isa = XCBuildConfiguration;
			baseConfigurationReference = 3F3D2A14242B76A040CFF4AC /* Pods-NewAppTests.debug.xcconfig */;
			buildSettings = {
				ALWAYS_EMBED_SWIFT_STANDARD_LIBRARIES = YES;
				BUNDLE_LOADER = "$(TEST_HOST)";
				CODE_SIGN_STYLE = Automatic;
				INFOPLIST_FILE = NewAppTests/Info.plist;
				LD_RUNPATH_SEARCH_PATHS = (
					"$(inherited)",
					"@executable_path/Frameworks",
					"@loader_path/Frameworks",
				);
				PRODUCT_BUNDLE_IDENTIFIER = "gini-apps.NewAppTests";
				PRODUCT_NAME = "$(TARGET_NAME)";
				SWIFT_VERSION = 4.0;
				TARGETED_DEVICE_FAMILY = "1,2";
				TEST_HOST = "$(BUILT_PRODUCTS_DIR)/NewApp.app/NewApp";
			};
			name = Debug;
		};
		9B86877C2098904C005F54FE /* Release */ = {
			isa = XCBuildConfiguration;
			baseConfigurationReference = C0BEBA569E4598E92C3CF4BF /* Pods-NewAppTests.release.xcconfig */;
			buildSettings = {
				ALWAYS_EMBED_SWIFT_STANDARD_LIBRARIES = YES;
				BUNDLE_LOADER = "$(TEST_HOST)";
				CODE_SIGN_STYLE = Automatic;
				INFOPLIST_FILE = NewAppTests/Info.plist;
				LD_RUNPATH_SEARCH_PATHS = (
					"$(inherited)",
					"@executable_path/Frameworks",
					"@loader_path/Frameworks",
				);
				PRODUCT_BUNDLE_IDENTIFIER = "gini-apps.NewAppTests";
				PRODUCT_NAME = "$(TARGET_NAME)";
				SWIFT_VERSION = 4.0;
				TARGETED_DEVICE_FAMILY = "1,2";
				TEST_HOST = "$(BUILT_PRODUCTS_DIR)/NewApp.app/NewApp";
			};
			name = Release;
		};
		9B86877E2098904C005F54FE /* Debug */ = {
			isa = XCBuildConfiguration;
			baseConfigurationReference = 2190F189C720FFE8D34D4867 /* Pods-NewAppUITests.debug.xcconfig */;
			buildSettings = {
				ALWAYS_EMBED_SWIFT_STANDARD_LIBRARIES = YES;
				CODE_SIGN_STYLE = Automatic;
				INFOPLIST_FILE = NewAppUITests/Info.plist;
				LD_RUNPATH_SEARCH_PATHS = (
					"$(inherited)",
					"@executable_path/Frameworks",
					"@loader_path/Frameworks",
				);
				PRODUCT_BUNDLE_IDENTIFIER = "gini-apps.NewAppUITests";
				PRODUCT_NAME = "$(TARGET_NAME)";
				SWIFT_VERSION = 4.0;
				TARGETED_DEVICE_FAMILY = "1,2";
				TEST_TARGET_NAME = NewApp;
			};
			name = Debug;
		};
		9B86877F2098904C005F54FE /* Release */ = {
			isa = XCBuildConfiguration;
			baseConfigurationReference = B48AD2508EBE046C1768E63D /* Pods-NewAppUITests.release.xcconfig */;
			buildSettings = {
				ALWAYS_EMBED_SWIFT_STANDARD_LIBRARIES = YES;
				CODE_SIGN_STYLE = Automatic;
				INFOPLIST_FILE = NewAppUITests/Info.plist;
				LD_RUNPATH_SEARCH_PATHS = (
					"$(inherited)",
					"@executable_path/Frameworks",
					"@loader_path/Frameworks",
				);
				PRODUCT_BUNDLE_IDENTIFIER = "gini-apps.NewAppUITests";
				PRODUCT_NAME = "$(TARGET_NAME)";
				SWIFT_VERSION = 4.0;
				TARGETED_DEVICE_FAMILY = "1,2";
				TEST_TARGET_NAME = NewApp;
			};
			name = Release;
		};
/* End XCBuildConfiguration section */

/* Begin XCConfigurationList section */
		9B86874A2098904A005F54FE /* Build configuration list for PBXProject "NewApp" */ = {
			isa = XCConfigurationList;
			buildConfigurations = (
				9B8687752098904C005F54FE /* Debug */,
				9B8687762098904C005F54FE /* Release */,
			);
			defaultConfigurationIsVisible = 0;
			defaultConfigurationName = Release;
		};
		9B8687772098904C005F54FE /* Build configuration list for PBXNativeTarget "NewApp" */ = {
			isa = XCConfigurationList;
			buildConfigurations = (
				9B8687782098904C005F54FE /* Debug */,
				9B8687792098904C005F54FE /* Release */,
			);
			defaultConfigurationIsVisible = 0;
			defaultConfigurationName = Release;
		};
		9B86877A2098904C005F54FE /* Build configuration list for PBXNativeTarget "NewAppTests" */ = {
			isa = XCConfigurationList;
			buildConfigurations = (
				9B86877B2098904C005F54FE /* Debug */,
				9B86877C2098904C005F54FE /* Release */,
			);
			defaultConfigurationIsVisible = 0;
			defaultConfigurationName = Release;
		};
		9B86877D2098904C005F54FE /* Build configuration list for PBXNativeTarget "NewAppUITests" */ = {
			isa = XCConfigurationList;
			buildConfigurations = (
				9B86877E2098904C005F54FE /* Debug */,
				9B86877F2098904C005F54FE /* Release */,
			);
			defaultConfigurationIsVisible = 0;
			defaultConfigurationName = Release;
		};
/* End XCConfigurationList section */
	};
	rootObject = 9B8687472098904A005F54FE /* Project object */;
}
